{
    "_readme": [
        "This file locks the dependencies of your project to a known state",
        "Read more about it at https://getcomposer.org/doc/01-basic-usage.md#installing-dependencies",
        "This file is @generated automatically"
    ],
    "content-hash": "72c89335df17b8fa12de938a4bd00eee",
    "packages": [
        {
            "name": "namshi/jose",
            "version": "6.1.1",
            "source": {
                "type": "git",
                "url": "https://github.com/namshi/jose.git",
                "reference": "d234ab5da058bda234efbfc231a4ff68f9c984be"
            },
            "dist": {
                "type": "zip",
                "url": "https://api.github.com/repos/namshi/jose/zipball/d234ab5da058bda234efbfc231a4ff68f9c984be",
                "reference": "d234ab5da058bda234efbfc231a4ff68f9c984be",
                "shasum": ""
            },
            "require": {
                "ext-date": "*",
                "ext-hash": "*",
                "ext-json": "*",
                "ext-openssl": "*",
                "ext-pcre": "*",
                "ext-spl": "*",
                "php": ">=5.5",
                "phpseclib/phpseclib": "^2.0",
                "symfony/polyfill-php56": "^1.0"
            },
            "require-dev": {
                "phpunit/phpunit": "^4.5|^5.0",
                "satooshi/php-coveralls": "^1.0"
            },
            "type": "library",
            "autoload": {
                "psr-4": {
                    "Namshi\\JOSE\\": "src/Namshi/JOSE/"
                }
            },
            "notification-url": "https://packagist.org/downloads/",
            "license": [
                "MIT"
            ],
            "authors": [
                {
                    "name": "Alessandro Nadalin",
                    "email": "alessandro.nadalin@gmail.com"
                },
                {
                    "name": "Alessandro Cinelli (cirpo)",
                    "email": "alessandro.cinelli@gmail.com"
                }
            ],
            "description": "JSON Object Signing and Encryption library for PHP.",
            "keywords": [
                "JSON Web Signature",
                "JSON Web Token",
                "JWS",
                "json",
                "jwt",
                "token"
            ],
            "time": "2016-01-24T11:10:26+00:00"
        },
        {
            "name": "naux/jwt-simple",
            "version": "1.0.5",
            "source": {
                "type": "git",
                "url": "https://github.com/NauxLiu/jwt-simple.git",
                "reference": "09a59d2400b2ca43222ee19510217876416d74e8"
            },
            "dist": {
                "type": "zip",
                "url": "https://api.github.com/repos/NauxLiu/jwt-simple/zipball/09a59d2400b2ca43222ee19510217876416d74e8",
                "reference": "09a59d2400b2ca43222ee19510217876416d74e8",
                "shasum": ""
            },
            "require": {
                "namshi/jose": "^6.0"
            },
            "type": "library",
            "autoload": {
                "psr-4": {
                    "Naux\\JWT\\": "src/"
                }
            },
            "notification-url": "https://packagist.org/downloads/",
            "authors": [
                {
                    "name": "NauxLiu",
                    "email": "nauxliu@gmail.com"
                }
            ],
            "time": "2015-12-23T16:02:18+00:00"
        },
        {
            "name": "phpseclib/phpseclib",
            "version": "2.0.14",
            "source": {
                "type": "git",
                "url": "https://github.com/phpseclib/phpseclib.git",
                "reference": "8ebfcadbf30524aeb75b2c446bc2519d5b321478"
            },
            "dist": {
                "type": "zip",
                "url": "https://api.github.com/repos/phpseclib/phpseclib/zipball/8ebfcadbf30524aeb75b2c446bc2519d5b321478",
                "reference": "8ebfcadbf30524aeb75b2c446bc2519d5b321478",
                "shasum": ""
            },
            "require": {
                "php": ">=5.3.3"
            },
            "require-dev": {
                "phing/phing": "~2.7",
                "phpunit/phpunit": "^4.8.35|^5.7|^6.0",
                "sami/sami": "~2.0",
                "squizlabs/php_codesniffer": "~2.0"
            },
            "suggest": {
                "ext-gmp": "Install the GMP (GNU Multiple Precision) extension in order to speed up arbitrary precision integer arithmetic operations.",
                "ext-libsodium": "SSH2/SFTP can make use of some algorithms provided by the libsodium-php extension.",
                "ext-mcrypt": "Install the Mcrypt extension in order to speed up a few other cryptographic operations.",
                "ext-openssl": "Install the OpenSSL extension in order to speed up a wide variety of cryptographic operations."
            },
            "type": "library",
            "autoload": {
                "files": [
                    "phpseclib/bootstrap.php"
                ],
                "psr-4": {
                    "phpseclib\\": "phpseclib/"
                }
            },
            "notification-url": "https://packagist.org/downloads/",
            "license": [
                "MIT"
            ],
            "authors": [
                {
                    "name": "Jim Wigginton",
                    "email": "terrafrost@php.net",
                    "role": "Lead Developer"
                },
                {
                    "name": "Patrick Monnerat",
                    "email": "pm@datasphere.ch",
                    "role": "Developer"
                },
                {
                    "name": "Andreas Fischer",
                    "email": "bantu@phpbb.com",
                    "role": "Developer"
                },
                {
                    "name": "Hans-Jürgen Petrich",
                    "email": "petrich@tronic-media.com",
                    "role": "Developer"
                },
                {
                    "name": "Graham Campbell",
                    "email": "graham@alt-three.com",
                    "role": "Developer"
                }
            ],
            "description": "PHP Secure Communications Library - Pure-PHP implementations of RSA, AES, SSH2, SFTP, X.509 etc.",
            "homepage": "http://phpseclib.sourceforge.net",
            "keywords": [
                "BigInteger",
                "aes",
                "asn.1",
                "asn1",
                "blowfish",
                "crypto",
                "cryptography",
                "encryption",
                "rsa",
                "security",
                "sftp",
                "signature",
                "signing",
                "ssh",
                "twofish",
                "x.509",
                "x509"
            ],
            "time": "2019-01-27T19:37:29+00:00"
        },
        {
            "name": "polarising/bcrypt",
            "version": "1.0.2",
            "source": {
                "type": "git",
                "url": "https://github.com/Polarising/bcrypt.git",
                "reference": "247e1ac20f8ef86592f48172c9a3d352be4806fa"
            },
            "dist": {
                "type": "zip",
                "url": "https://api.github.com/repos/Polarising/bcrypt/zipball/247e1ac20f8ef86592f48172c9a3d352be4806fa",
                "reference": "247e1ac20f8ef86592f48172c9a3d352be4806fa",
                "shasum": ""
            },
            "require": {
                "php": ">=5.3.7"
            },
            "require-dev": {
                "phpunit/phpunit": "~4.0|~5.0"
            },
            "type": "library",
            "autoload": {
                "psr-4": {
                    "Bcrypt\\": "src/"
                }
            },
            "notification-url": "https://packagist.org/downloads/",
            "license": [
                "MIT"
            ],
            "authors": [
                {
                    "name": "Yang Deng",
                    "email": "d2894861@gmail.com"
                }
            ],
            "description": "Customized Bcrypt for PHP",
            "keywords": [
                "bcrypt"
            ],
            "time": "2016-11-22T05:16:12+00:00"
        },
        {
            "name": "symfony/polyfill-php56",
            "version": "v1.10.0",
            "source": {
                "type": "git",
                "url": "https://github.com/symfony/polyfill-php56.git",
                "reference": "ff208829fe1aa48ab9af356992bb7199fed551af"
            },
            "dist": {
                "type": "zip",
                "url": "https://api.github.com/repos/symfony/polyfill-php56/zipball/ff208829fe1aa48ab9af356992bb7199fed551af",
                "reference": "ff208829fe1aa48ab9af356992bb7199fed551af",
                "shasum": ""
            },
            "require": {
                "php": ">=5.3.3",
                "symfony/polyfill-util": "~1.0"
            },
            "type": "library",
            "extra": {
                "branch-alias": {
                    "dev-master": "1.9-dev"
                }
            },
            "autoload": {
                "psr-4": {
                    "Symfony\\Polyfill\\Php56\\": ""
                },
                "files": [
                    "bootstrap.php"
                ]
            },
            "notification-url": "https://packagist.org/downloads/",
            "license": [
                "MIT"
            ],
            "authors": [
                {
                    "name": "Nicolas Grekas",
                    "email": "p@tchwork.com"
                },
                {
                    "name": "Symfony Community",
                    "homepage": "https://symfony.com/contributors"
                }
            ],
            "description": "Symfony polyfill backporting some PHP 5.6+ features to lower PHP versions",
            "homepage": "https://symfony.com",
            "keywords": [
                "compatibility",
                "polyfill",
                "portable",
                "shim"
            ],
            "time": "2018-09-21T06:26:08+00:00"
        },
        {
            "name": "symfony/polyfill-util",
            "version": "v1.10.0",
            "source": {
                "type": "git",
                "url": "https://github.com/symfony/polyfill-util.git",
                "reference": "3b58903eae668d348a7126f999b0da0f2f93611c"
            },
            "dist": {
                "type": "zip",
                "url": "https://api.github.com/repos/symfony/polyfill-util/zipball/3b58903eae668d348a7126f999b0da0f2f93611c",
                "reference": "3b58903eae668d348a7126f999b0da0f2f93611c",
                "shasum": ""
            },
            "require": {
                "php": ">=5.3.3"
            },
            "type": "library",
            "extra": {
                "branch-alias": {
                    "dev-master": "1.9-dev"
                }
            },
            "autoload": {
                "psr-4": {
                    "Symfony\\Polyfill\\Util\\": ""
                }
            },
            "notification-url": "https://packagist.org/downloads/",
            "license": [
                "MIT"
            ],
            "authors": [
                {
                    "name": "Nicolas Grekas",
                    "email": "p@tchwork.com"
                },
                {
                    "name": "Symfony Community",
                    "homepage": "https://symfony.com/contributors"
                }
            ],
            "description": "Symfony utilities for portability of PHP codes",
            "homepage": "https://symfony.com",
            "keywords": [
                "compat",
                "compatibility",
                "polyfill",
                "shim"
            ],
            "time": "2018-09-30T16:36:12+00:00"
        }
    ],
    "packages-dev": [],
    "aliases": [],
    "minimum-stability": "stable",
    "stability-flags": [],
    "prefer-stable": false,
    "prefer-lowest": false,
    "platform": [],
    "platform-dev": []
}
